// !$*UTF8*$!
{
	archiveVersion = 1;
	classes = {
	};
	objectVersion = 46;
	objects = {

/* Begin PBXBuildFile section */
		3F15BA3E1AC3E31A00EB0C74 /* main.m in Sources */ = {isa = PBXBuildFile; fileRef = 3F15BA3D1AC3E31A00EB0C74 /* main.m */; };
		3F15BA411AC3E31A00EB0C74 /* AppDelegate.m in Sources */ = {isa = PBXBuildFile; fileRef = 3F15BA401AC3E31A00EB0C74 /* AppDelegate.m */; };
		3F15BA441AC3E31A00EB0C74 /* UtilityForIOS.xcdatamodeld in Sources */ = {isa = PBXBuildFile; fileRef = 3F15BA421AC3E31A00EB0C74 /* UtilityForIOS.xcdatamodeld */; };
		3F15BA471AC3E31A00EB0C74 /* KeyboardViewController.m in Sources */ = {isa = PBXBuildFile; fileRef = 3F15BA461AC3E31A00EB0C74 /* KeyboardViewController.m */; };
		3F15BA4A1AC3E31A00EB0C74 /* Main.storyboard in Resources */ = {isa = PBXBuildFile; fileRef = 3F15BA481AC3E31A00EB0C74 /* Main.storyboard */; };
		3F15BA4C1AC3E31A00EB0C74 /* Images.xcassets in Resources */ = {isa = PBXBuildFile; fileRef = 3F15BA4B1AC3E31A00EB0C74 /* Images.xcassets */; };
		3F15BA4F1AC3E31A00EB0C74 /* LaunchScreen.xib in Resources */ = {isa = PBXBuildFile; fileRef = 3F15BA4D1AC3E31A00EB0C74 /* LaunchScreen.xib */; };
		3F15BA5B1AC3E31A00EB0C74 /* UtilityForIOSTests.m in Sources */ = {isa = PBXBuildFile; fileRef = 3F15BA5A1AC3E31A00EB0C74 /* UtilityForIOSTests.m */; };
		3F3A0D101AC3E75800FC7D9D /* Utils.m in Sources */ = {isa = PBXBuildFile; fileRef = 3F3A0D0F1AC3E75800FC7D9D /* Utils.m */; };
		3F4E06341AC3FF8000782268 /* WebViewController.m in Sources */ = {isa = PBXBuildFile; fileRef = 3F4E06331AC3FF7F00782268 /* WebViewController.m */; };
		3F4E06371AC4F61600782268 /* WebViewTest.html in Resources */ = {isa = PBXBuildFile; fileRef = 3F4E06361AC4F61600782268 /* WebViewTest.html */; };
		3F4E063A1AC503AB00782268 /* NSString+URLEncoding.m in Sources */ = {isa = PBXBuildFile; fileRef = 3F4E06391AC503AB00782268 /* NSString+URLEncoding.m */; };
		3F4E063B1AC503AB00782268 /* NSString+URLEncoding.m in Sources */ = {isa = PBXBuildFile; fileRef = 3F4E06391AC503AB00782268 /* NSString+URLEncoding.m */; };
		3F59423B1ACB8C4A00771879 /* ImagePickerViewController.m in Sources */ = {isa = PBXBuildFile; fileRef = 3F5942391ACB8C4A00771879 /* ImagePickerViewController.m */; };
		3F5942411ACB8F7200771879 /* FunctionTableViewController.m in Sources */ = {isa = PBXBuildFile; fileRef = 3F5942401ACB8F7200771879 /* FunctionTableViewController.m */; };
		3F5E639F1ACD2EE70093A173 /* QRCodeViewController.m in Sources */ = {isa = PBXBuildFile; fileRef = 3F5E639E1ACD2EE70093A173 /* QRCodeViewController.m */; };
		3F5E63A21ACD2F8A0093A173 /* line@2x.png in Resources */ = {isa = PBXBuildFile; fileRef = 3F5E63A01ACD2F8A0093A173 /* line@2x.png */; };
		3F5E63A31ACD2F8A0093A173 /* pick_bg@2x.png in Resources */ = {isa = PBXBuildFile; fileRef = 3F5E63A11ACD2F8A0093A173 /* pick_bg@2x.png */; };
		3F5E63A61ACD363A0093A173 /* WQPlaySound.m in Sources */ = {isa = PBXBuildFile; fileRef = 3F5E63A51ACD363A0093A173 /* WQPlaySound.m */; };
		3F5E63A81ACD36D80093A173 /* tap.aif in Resources */ = {isa = PBXBuildFile; fileRef = 3F5E63A71ACD36D80093A173 /* tap.aif */; };
		3F5E63A91ACD36D80093A173 /* tap.aif in Resources */ = {isa = PBXBuildFile; fileRef = 3F5E63A71ACD36D80093A173 /* tap.aif */; };
		3FCD37CC1AC97D3C00642B48 /* GestureViewController.m in Sources */ = {isa = PBXBuildFile; fileRef = 3FCD37CB1AC97D3C00642B48 /* GestureViewController.m */; };
		3FCD37D11AC97E0600642B48 /* 美女.jpg in Resources */ = {isa = PBXBuildFile; fileRef = 3FCD37D01AC97E0600642B48 /* 美女.jpg */; };
		3FCD37D21AC97E0600642B48 /* 美女.jpg in Resources */ = {isa = PBXBuildFile; fileRef = 3FCD37D01AC97E0600642B48 /* 美女.jpg */; };
		3FCD37D41AC97F5500642B48 /* 小姑娘.jpg in Resources */ = {isa = PBXBuildFile; fileRef = 3FCD37D31AC97F5500642B48 /* 小姑娘.jpg */; };
		3FCD37D51AC97F5500642B48 /* 小姑娘.jpg in Resources */ = {isa = PBXBuildFile; fileRef = 3FCD37D31AC97F5500642B48 /* 小姑娘.jpg */; };
		3FED0BA31ACA8BA100042E18 /* GCDViewController.m in Sources */ = {isa = PBXBuildFile; fileRef = 3FED0BA21ACA8BA100042E18 /* GCDViewController.m */; };
/* End PBXBuildFile section */

/* Begin PBXContainerItemProxy section */
		3F15BA551AC3E31A00EB0C74 /* PBXContainerItemProxy */ = {
			isa = PBXContainerItemProxy;
			containerPortal = 3F15BA301AC3E31A00EB0C74 /* Project object */;
			proxyType = 1;
			remoteGlobalIDString = 3F15BA371AC3E31A00EB0C74;
			remoteInfo = UtilityForIOS;
		};
/* End PBXContainerItemProxy section */

/* Begin PBXFileReference section */
		3F15BA381AC3E31A00EB0C74 /* UtilityForIOS.app */ = {isa = PBXFileReference; explicitFileType = wrapper.application; includeInIndex = 0; path = UtilityForIOS.app; sourceTree = BUILT_PRODUCTS_DIR; };
		3F15BA3C1AC3E31A00EB0C74 /* Info.plist */ = {isa = PBXFileReference; lastKnownFileType = text.plist.xml; path = Info.plist; sourceTree = "<group>"; };
		3F15BA3D1AC3E31A00EB0C74 /* main.m */ = {isa = PBXFileReference; lastKnownFileType = sourcecode.c.objc; path = main.m; sourceTree = "<group>"; };
		3F15BA3F1AC3E31A00EB0C74 /* AppDelegate.h */ = {isa = PBXFileReference; lastKnownFileType = sourcecode.c.h; path = AppDelegate.h; sourceTree = "<group>"; };
		3F15BA401AC3E31A00EB0C74 /* AppDelegate.m */ = {isa = PBXFileReference; lastKnownFileType = sourcecode.c.objc; path = AppDelegate.m; sourceTree = "<group>"; };
		3F15BA431AC3E31A00EB0C74 /* UtilityForIOS.xcdatamodel */ = {isa = PBXFileReference; lastKnownFileType = wrapper.xcdatamodel; path = UtilityForIOS.xcdatamodel; sourceTree = "<group>"; };
		3F15BA451AC3E31A00EB0C74 /* KeyboardViewController.h */ = {isa = PBXFileReference; lastKnownFileType = sourcecode.c.h; path = KeyboardViewController.h; sourceTree = "<group>"; };
		3F15BA461AC3E31A00EB0C74 /* KeyboardViewController.m */ = {isa = PBXFileReference; lastKnownFileType = sourcecode.c.objc; path = KeyboardViewController.m; sourceTree = "<group>"; };
		3F15BA491AC3E31A00EB0C74 /* Base */ = {isa = PBXFileReference; lastKnownFileType = file.storyboard; name = Base; path = Base.lproj/Main.storyboard; sourceTree = "<group>"; };
		3F15BA4B1AC3E31A00EB0C74 /* Images.xcassets */ = {isa = PBXFileReference; lastKnownFileType = folder.assetcatalog; path = Images.xcassets; sourceTree = "<group>"; };
		3F15BA4E1AC3E31A00EB0C74 /* Base */ = {isa = PBXFileReference; lastKnownFileType = file.xib; name = Base; path = Base.lproj/LaunchScreen.xib; sourceTree = "<group>"; };
		3F15BA541AC3E31A00EB0C74 /* UtilityForIOSTests.xctest */ = {isa = PBXFileReference; explicitFileType = wrapper.cfbundle; includeInIndex = 0; path = UtilityForIOSTests.xctest; sourceTree = BUILT_PRODUCTS_DIR; };
		3F15BA591AC3E31A00EB0C74 /* Info.plist */ = {isa = PBXFileReference; lastKnownFileType = text.plist.xml; path = Info.plist; sourceTree = "<group>"; };
		3F15BA5A1AC3E31A00EB0C74 /* UtilityForIOSTests.m */ = {isa = PBXFileReference; lastKnownFileType = sourcecode.c.objc; path = UtilityForIOSTests.m; sourceTree = "<group>"; };
		3F3A0D0E1AC3E75800FC7D9D /* Utils.h */ = {isa = PBXFileReference; fileEncoding = 4; lastKnownFileType = sourcecode.c.h; name = Utils.h; path = UtilityForIOS/Tools/Utils.h; sourceTree = "<group>"; };
		3F3A0D0F1AC3E75800FC7D9D /* Utils.m */ = {isa = PBXFileReference; fileEncoding = 4; lastKnownFileType = sourcecode.c.objc; name = Utils.m; path = UtilityForIOS/Tools/Utils.m; sourceTree = "<group>"; };
		3F4E06321AC3FF7F00782268 /* WebViewController.h */ = {isa = PBXFileReference; fileEncoding = 4; lastKnownFileType = sourcecode.c.h; path = WebViewController.h; sourceTree = "<group>"; };
		3F4E06331AC3FF7F00782268 /* WebViewController.m */ = {isa = PBXFileReference; fileEncoding = 4; lastKnownFileType = sourcecode.c.objc; path = WebViewController.m; sourceTree = "<group>"; };
		3F4E06361AC4F61600782268 /* WebViewTest.html */ = {isa = PBXFileReference; fileEncoding = 4; lastKnownFileType = text.html; name = WebViewTest.html; path = Res/WebViewTest.html; sourceTree = "<group>"; };
		3F4E06381AC503AB00782268 /* NSString+URLEncoding.h */ = {isa = PBXFileReference; fileEncoding = 4; lastKnownFileType = sourcecode.c.h; name = "NSString+URLEncoding.h"; path = "UtilityForIOS/Tools/NSString+URLEncoding.h"; sourceTree = "<group>"; };
		3F4E06391AC503AB00782268 /* NSString+URLEncoding.m */ = {isa = PBXFileReference; fileEncoding = 4; lastKnownFileType = sourcecode.c.objc; name = "NSString+URLEncoding.m"; path = "UtilityForIOS/Tools/NSString+URLEncoding.m"; sourceTree = "<group>"; };
		3F5942381ACB8C4A00771879 /* ImagePickerViewController.h */ = {isa = PBXFileReference; fileEncoding = 4; lastKnownFileType = sourcecode.c.h; path = ImagePickerViewController.h; sourceTree = "<group>"; };
		3F5942391ACB8C4A00771879 /* ImagePickerViewController.m */ = {isa = PBXFileReference; fileEncoding = 4; lastKnownFileType = sourcecode.c.objc; path = ImagePickerViewController.m; sourceTree = "<group>"; };
		3F59423F1ACB8F7200771879 /* FunctionTableViewController.h */ = {isa = PBXFileReference; fileEncoding = 4; lastKnownFileType = sourcecode.c.h; path = FunctionTableViewController.h; sourceTree = "<group>"; };
		3F5942401ACB8F7200771879 /* FunctionTableViewController.m */ = {isa = PBXFileReference; fileEncoding = 4; lastKnownFileType = sourcecode.c.objc; path = FunctionTableViewController.m; sourceTree = "<group>"; };
		3F5E639D1ACD2EE70093A173 /* QRCodeViewController.h */ = {isa = PBXFileReference; fileEncoding = 4; lastKnownFileType = sourcecode.c.h; path = QRCodeViewController.h; sourceTree = "<group>"; };
		3F5E639E1ACD2EE70093A173 /* QRCodeViewController.m */ = {isa = PBXFileReference; fileEncoding = 4; lastKnownFileType = sourcecode.c.objc; path = QRCodeViewController.m; sourceTree = "<group>"; };
		3F5E63A01ACD2F8A0093A173 /* line@2x.png */ = {isa = PBXFileReference; lastKnownFileType = image.png; name = "line@2x.png"; path = "Res/line@2x.png"; sourceTree = "<group>"; };
		3F5E63A11ACD2F8A0093A173 /* pick_bg@2x.png */ = {isa = PBXFileReference; lastKnownFileType = image.png; name = "pick_bg@2x.png"; path = "Res/pick_bg@2x.png"; sourceTree = "<group>"; };
		3F5E63A41ACD363A0093A173 /* WQPlaySound.h */ = {isa = PBXFileReference; fileEncoding = 4; lastKnownFileType = sourcecode.c.h; name = WQPlaySound.h; path = UtilityForIOS/Tools/WQPlaySound.h; sourceTree = "<group>"; };
		3F5E63A51ACD363A0093A173 /* WQPlaySound.m */ = {isa = PBXFileReference; fileEncoding = 4; lastKnownFileType = sourcecode.c.objc; name = WQPlaySound.m; path = UtilityForIOS/Tools/WQPlaySound.m; sourceTree = "<group>"; };
		3F5E63A71ACD36D80093A173 /* tap.aif */ = {isa = PBXFileReference; lastKnownFileType = file; name = tap.aif; path = Res/tap.aif; sourceTree = "<group>"; };
		3FCD37CA1AC97D3C00642B48 /* GestureViewController.h */ = {isa = PBXFileReference; fileEncoding = 4; lastKnownFileType = sourcecode.c.h; path = GestureViewController.h; sourceTree = "<group>"; };
		3FCD37CB1AC97D3C00642B48 /* GestureViewController.m */ = {isa = PBXFileReference; fileEncoding = 4; lastKnownFileType = sourcecode.c.objc; path = GestureViewController.m; sourceTree = "<group>"; };
		3FCD37D01AC97E0600642B48 /* 美女.jpg */ = {isa = PBXFileReference; lastKnownFileType = image.jpeg; name = "美女.jpg"; path = "Res/美女.jpg"; sourceTree = "<group>"; };
		3FCD37D31AC97F5500642B48 /* 小姑娘.jpg */ = {isa = PBXFileReference; lastKnownFileType = image.jpeg; name = "小姑娘.jpg"; path = "Res/小姑娘.jpg"; sourceTree = "<group>"; };
		3FED0BA11ACA8BA100042E18 /* GCDViewController.h */ = {isa = PBXFileReference; fileEncoding = 4; lastKnownFileType = sourcecode.c.h; path = GCDViewController.h; sourceTree = "<group>"; };
		3FED0BA21ACA8BA100042E18 /* GCDViewController.m */ = {isa = PBXFileReference; fileEncoding = 4; lastKnownFileType = sourcecode.c.objc; path = GCDViewController.m; sourceTree = "<group>"; };
/* End PBXFileReference section */

/* Begin PBXFrameworksBuildPhase section */
		3F15BA351AC3E31A00EB0C74 /* Frameworks */ = {
			isa = PBXFrameworksBuildPhase;
			buildActionMask = 2147483647;
			files = (
			);
			runOnlyForDeploymentPostprocessing = 0;
		};
		3F15BA511AC3E31A00EB0C74 /* Frameworks */ = {
			isa = PBXFrameworksBuildPhase;
			buildActionMask = 2147483647;
			files = (
			);
			runOnlyForDeploymentPostprocessing = 0;
		};
/* End PBXFrameworksBuildPhase section */

/* Begin PBXGroup section */
		3F15BA2F1AC3E31A00EB0C74 = {
			isa = PBXGroup;
			children = (
				3F3A0D0D1AC3E70400FC7D9D /* Tools */,
				3F15BA3A1AC3E31A00EB0C74 /* UtilityForIOS */,
				3F15BA571AC3E31A00EB0C74 /* UtilityForIOSTests */,
				3F15BA391AC3E31A00EB0C74 /* Products */,
			);
			sourceTree = "<group>";
		};
		3F15BA391AC3E31A00EB0C74 /* Products */ = {
			isa = PBXGroup;
			children = (
				3F15BA381AC3E31A00EB0C74 /* UtilityForIOS.app */,
				3F15BA541AC3E31A00EB0C74 /* UtilityForIOSTests.xctest */,
			);
			name = Products;
			sourceTree = "<group>";
		};
		3F15BA3A1AC3E31A00EB0C74 /* UtilityForIOS */ = {
			isa = PBXGroup;
			children = (
				3F4E06351AC4F5C200782268 /* Res */,
				3F4E06311AC3F74F00782268 /* ViewControllers */,
				3F15BA3F1AC3E31A00EB0C74 /* AppDelegate.h */,
				3F15BA401AC3E31A00EB0C74 /* AppDelegate.m */,
				3F59423F1ACB8F7200771879 /* FunctionTableViewController.h */,
				3F5942401ACB8F7200771879 /* FunctionTableViewController.m */,
				3F15BA481AC3E31A00EB0C74 /* Main.storyboard */,
				3F15BA4B1AC3E31A00EB0C74 /* Images.xcassets */,
				3F15BA4D1AC3E31A00EB0C74 /* LaunchScreen.xib */,
				3F15BA421AC3E31A00EB0C74 /* UtilityForIOS.xcdatamodeld */,
				3F15BA3B1AC3E31A00EB0C74 /* Supporting Files */,
			);
			path = UtilityForIOS;
			sourceTree = "<group>";
		};
		3F15BA3B1AC3E31A00EB0C74 /* Supporting Files */ = {
			isa = PBXGroup;
			children = (
				3F15BA3C1AC3E31A00EB0C74 /* Info.plist */,
				3F15BA3D1AC3E31A00EB0C74 /* main.m */,
			);
			name = "Supporting Files";
			sourceTree = "<group>";
		};
		3F15BA571AC3E31A00EB0C74 /* UtilityForIOSTests */ = {
			isa = PBXGroup;
			children = (
				3F15BA5A1AC3E31A00EB0C74 /* UtilityForIOSTests.m */,
				3F15BA581AC3E31A00EB0C74 /* Supporting Files */,
			);
			path = UtilityForIOSTests;
			sourceTree = "<group>";
		};
		3F15BA581AC3E31A00EB0C74 /* Supporting Files */ = {
			isa = PBXGroup;
			children = (
				3F15BA591AC3E31A00EB0C74 /* Info.plist */,
			);
			name = "Supporting Files";
			sourceTree = "<group>";
		};
		3F3A0D0D1AC3E70400FC7D9D /* Tools */ = {
			isa = PBXGroup;
			children = (
				3F4E06381AC503AB00782268 /* NSString+URLEncoding.h */,
				3F4E06391AC503AB00782268 /* NSString+URLEncoding.m */,
				3F3A0D0E1AC3E75800FC7D9D /* Utils.h */,
				3F3A0D0F1AC3E75800FC7D9D /* Utils.m */,
				3F5E63A41ACD363A0093A173 /* WQPlaySound.h */,
				3F5E63A51ACD363A0093A173 /* WQPlaySound.m */,
			);
			name = Tools;
			sourceTree = "<group>";
		};
		3F4E06311AC3F74F00782268 /* ViewControllers */ = {
			isa = PBXGroup;
			children = (
				3F4E06321AC3FF7F00782268 /* WebViewController.h */,
				3F4E06331AC3FF7F00782268 /* WebViewController.m */,
				3F15BA451AC3E31A00EB0C74 /* KeyboardViewController.h */,
				3F15BA461AC3E31A00EB0C74 /* KeyboardViewController.m */,
				3FCD37CA1AC97D3C00642B48 /* GestureViewController.h */,
				3FCD37CB1AC97D3C00642B48 /* GestureViewController.m */,
				3FED0BA11ACA8BA100042E18 /* GCDViewController.h */,
				3FED0BA21ACA8BA100042E18 /* GCDViewController.m */,
				3F5942381ACB8C4A00771879 /* ImagePickerViewController.h */,
				3F5942391ACB8C4A00771879 /* ImagePickerViewController.m */,
				3F5E639D1ACD2EE70093A173 /* QRCodeViewController.h */,
				3F5E639E1ACD2EE70093A173 /* QRCodeViewController.m */,
			);
			name = ViewControllers;
			sourceTree = "<group>";
		};
		3F4E06351AC4F5C200782268 /* Res */ = {
			isa = PBXGroup;
			children = (
				3F5E63A71ACD36D80093A173 /* tap.aif */,
				3F5E63A01ACD2F8A0093A173 /* line@2x.png */,
				3F5E63A11ACD2F8A0093A173 /* pick_bg@2x.png */,
				3FCD37D31AC97F5500642B48 /* 小姑娘.jpg */,
				3FCD37D01AC97E0600642B48 /* 美女.jpg */,
				3F4E06361AC4F61600782268 /* WebViewTest.html */,
			);
			name = Res;
			sourceTree = "<group>";
		};
/* End PBXGroup section */

/* Begin PBXNativeTarget section */
		3F15BA371AC3E31A00EB0C74 /* UtilityForIOS */ = {
			isa = PBXNativeTarget;
			buildConfigurationList = 3F15BA5E1AC3E31A00EB0C74 /* Build configuration list for PBXNativeTarget "UtilityForIOS" */;
			buildPhases = (
				3F15BA341AC3E31A00EB0C74 /* Sources */,
				3F15BA351AC3E31A00EB0C74 /* Frameworks */,
				3F15BA361AC3E31A00EB0C74 /* Resources */,
			);
			buildRules = (
			);
			dependencies = (
			);
			name = UtilityForIOS;
			productName = UtilityForIOS;
			productReference = 3F15BA381AC3E31A00EB0C74 /* UtilityForIOS.app */;
			productType = "com.apple.product-type.application";
		};
		3F15BA531AC3E31A00EB0C74 /* UtilityForIOSTests */ = {
			isa = PBXNativeTarget;
			buildConfigurationList = 3F15BA611AC3E31A00EB0C74 /* Build configuration list for PBXNativeTarget "UtilityForIOSTests" */;
			buildPhases = (
				3F15BA501AC3E31A00EB0C74 /* Sources */,
				3F15BA511AC3E31A00EB0C74 /* Frameworks */,
				3F15BA521AC3E31A00EB0C74 /* Resources */,
			);
			buildRules = (
			);
			dependencies = (
				3F15BA561AC3E31A00EB0C74 /* PBXTargetDependency */,
			);
			name = UtilityForIOSTests;
			productName = UtilityForIOSTests;
			productReference = 3F15BA541AC3E31A00EB0C74 /* UtilityForIOSTests.xctest */;
			productType = "com.apple.product-type.bundle.unit-test";
		};
/* End PBXNativeTarget section */

/* Begin PBXProject section */
		3F15BA301AC3E31A00EB0C74 /* Project object */ = {
			isa = PBXProject;
			attributes = {
				LastUpgradeCheck = 0620;
				ORGANIZATIONNAME = chx20;
				TargetAttributes = {
					3F15BA371AC3E31A00EB0C74 = {
						CreatedOnToolsVersion = 6.2;
					};
					3F15BA531AC3E31A00EB0C74 = {
						CreatedOnToolsVersion = 6.2;
						TestTargetID = 3F15BA371AC3E31A00EB0C74;
					};
				};
			};
			buildConfigurationList = 3F15BA331AC3E31A00EB0C74 /* Build configuration list for PBXProject "UtilityForIOS" */;
			compatibilityVersion = "Xcode 3.2";
			developmentRegion = English;
			hasScannedForEncodings = 0;
			knownRegions = (
				en,
				Base,
			);
			mainGroup = 3F15BA2F1AC3E31A00EB0C74;
			productRefGroup = 3F15BA391AC3E31A00EB0C74 /* Products */;
			projectDirPath = "";
			projectRoot = "";
			targets = (
				3F15BA371AC3E31A00EB0C74 /* UtilityForIOS */,
				3F15BA531AC3E31A00EB0C74 /* UtilityForIOSTests */,
			);
		};
/* End PBXProject section */

/* Begin PBXResourcesBuildPhase section */
		3F15BA361AC3E31A00EB0C74 /* Resources */ = {
			isa = PBXResourcesBuildPhase;
			buildActionMask = 2147483647;
			files = (
				3F5E63A21ACD2F8A0093A173 /* line@2x.png in Resources */,
				3FCD37D41AC97F5500642B48 /* 小姑娘.jpg in Resources */,
				3F5E63A31ACD2F8A0093A173 /* pick_bg@2x.png in Resources */,
				3FCD37D11AC97E0600642B48 /* 美女.jpg in Resources */,
				3F4E06371AC4F61600782268 /* WebViewTest.html in Resources */,
				3F15BA4A1AC3E31A00EB0C74 /* Main.storyboard in Resources */,
				3F5E63A81ACD36D80093A173 /* tap.aif in Resources */,
				3F15BA4F1AC3E31A00EB0C74 /* LaunchScreen.xib in Resources */,
				3F15BA4C1AC3E31A00EB0C74 /* Images.xcassets in Resources */,
			);
			runOnlyForDeploymentPostprocessing = 0;
		};
		3F15BA521AC3E31A00EB0C74 /* Resources */ = {
			isa = PBXResourcesBuildPhase;
			buildActionMask = 2147483647;
			files = (
				3F5E63A91ACD36D80093A173 /* tap.aif in Resources */,
				3FCD37D51AC97F5500642B48 /* 小姑娘.jpg in Resources */,
				3FCD37D21AC97E0600642B48 /* 美女.jpg in Resources */,
			);
			runOnlyForDeploymentPostprocessing = 0;
		};
/* End PBXResourcesBuildPhase section */

/* Begin PBXSourcesBuildPhase section */
		3F15BA341AC3E31A00EB0C74 /* Sources */ = {
			isa = PBXSourcesBuildPhase;
			buildActionMask = 2147483647;
			files = (
				3F5E63A61ACD363A0093A173 /* WQPlaySound.m in Sources */,
				3F5942411ACB8F7200771879 /* FunctionTableViewController.m in Sources */,
				3FCD37CC1AC97D3C00642B48 /* GestureViewController.m in Sources */,
				3F5E639F1ACD2EE70093A173 /* QRCodeViewController.m in Sources */,
				3FED0BA31ACA8BA100042E18 /* GCDViewController.m in Sources */,
				3F15BA411AC3E31A00EB0C74 /* AppDelegate.m in Sources */,
				3F4E06341AC3FF8000782268 /* WebViewController.m in Sources */,
				3F15BA3E1AC3E31A00EB0C74 /* main.m in Sources */,
				3F3A0D101AC3E75800FC7D9D /* Utils.m in Sources */,
				3F15BA471AC3E31A00EB0C74 /* KeyboardViewController.m in Sources */,
				3F4E063A1AC503AB00782268 /* NSString+URLEncoding.m in Sources */,
				3F59423B1ACB8C4A00771879 /* ImagePickerViewController.m in Sources */,
				3F15BA441AC3E31A00EB0C74 /* UtilityForIOS.xcdatamodeld in Sources */,
			);
			runOnlyForDeploymentPostprocessing = 0;
		};
		3F15BA501AC3E31A00EB0C74 /* Sources */ = {
			isa = PBXSourcesBuildPhase;
			buildActionMask = 2147483647;
			files = (
				3F4E063B1AC503AB00782268 /* NSString+URLEncoding.m in Sources */,
				3F15BA5B1AC3E31A00EB0C74 /* UtilityForIOSTests.m in Sources */,
			);
			runOnlyForDeploymentPostprocessing = 0;
		};
/* End PBXSourcesBuildPhase section */

/* Begin PBXTargetDependency section */
		3F15BA561AC3E31A00EB0C74 /* PBXTargetDependency */ = {
			isa = PBXTargetDependency;
			target = 3F15BA371AC3E31A00EB0C74 /* UtilityForIOS */;
			targetProxy = 3F15BA551AC3E31A00EB0C74 /* PBXContainerItemProxy */;
		};
/* End PBXTargetDependency section */

/* Begin PBXVariantGroup section */
		3F15BA481AC3E31A00EB0C74 /* Main.storyboard */ = {
			isa = PBXVariantGroup;
			children = (
				3F15BA491AC3E31A00EB0C74 /* Base */,
			);
			name = Main.storyboard;
			sourceTree = "<group>";
		};
		3F15BA4D1AC3E31A00EB0C74 /* LaunchScreen.xib */ = {
			isa = PBXVariantGroup;
			children = (
				3F15BA4E1AC3E31A00EB0C74 /* Base */,
			);
			name = LaunchScreen.xib;
			sourceTree = "<group>";
		};
/* End PBXVariantGroup section */

/* Begin XCBuildConfiguration section */
		3F15BA5C1AC3E31A00EB0C74 /* Debug */ = {
			isa = XCBuildConfiguration;
			buildSettings = {
				ALWAYS_SEARCH_USER_PATHS = NO;
				CLANG_CXX_LANGUAGE_STANDARD = "gnu++0x";
				CLANG_CXX_LIBRARY = "libc++";
				CLANG_ENABLE_MODULES = YES;
				CLANG_ENABLE_OBJC_ARC = YES;
				CLANG_WARN_BOOL_CONVERSION = YES;
				CLANG_WARN_CONSTANT_CONVERSION = YES;
				CLANG_WARN_DIRECT_OBJC_ISA_USAGE = YES_ERROR;
				CLANG_WARN_EMPTY_BODY = YES;
				CLANG_WARN_ENUM_CONVERSION = YES;
				CLANG_WARN_INT_CONVERSION = YES;
				CLANG_WARN_OBJC_ROOT_CLASS = YES_ERROR;
				CLANG_WARN_UNREACHABLE_CODE = YES;
				CLANG_WARN__DUPLICATE_METHOD_MATCH = YES;
				"CODE_SIGN_IDENTITY[sdk=iphoneos*]" = "iPhone Developer";
				COPY_PHASE_STRIP = NO;
				ENABLE_STRICT_OBJC_MSGSEND = YES;
				GCC_C_LANGUAGE_STANDARD = gnu99;
				GCC_DYNAMIC_NO_PIC = NO;
				GCC_OPTIMIZATION_LEVEL = 0;
				GCC_PREPROCESSOR_DEFINITIONS = (
					"DEBUG=1",
					"$(inherited)",
				);
				GCC_SYMBOLS_PRIVATE_EXTERN = NO;
				GCC_WARN_64_TO_32_BIT_CONVERSION = YES;
				GCC_WARN_ABOUT_RETURN_TYPE = YES_ERROR;
				GCC_WARN_UNDECLARED_SELECTOR = YES;
				GCC_WARN_UNINITIALIZED_AUTOS = YES_AGGRESSIVE;
				GCC_WARN_UNUSED_FUNCTION = YES;
				GCC_WARN_UNUSED_VARIABLE = YES;
				IPHONEOS_DEPLOYMENT_TARGET = 7.0;
				MTL_ENABLE_DEBUG_INFO = YES;
				ONLY_ACTIVE_ARCH = YES;
				SDKROOT = iphoneos;
				TARGETED_DEVICE_FAMILY = "1,2";
			};
			name = Debug;
		};
		3F15BA5D1AC3E31A00EB0C74 /* Release */ = {
			isa = XCBuildConfiguration;
			buildSettings = {
				ALWAYS_SEARCH_USER_PATHS = NO;
				CLANG_CXX_LANGUAGE_STANDARD = "gnu++0x";
				CLANG_CXX_LIBRARY = "libc++";
				CLANG_ENABLE_MODULES = YES;
				CLANG_ENABLE_OBJC_ARC = YES;
				CLANG_WARN_BOOL_CONVERSION = YES;
				CLANG_WARN_CONSTANT_CONVERSION = YES;
				CLANG_WARN_DIRECT_OBJC_ISA_USAGE = YES_ERROR;
				CLANG_WARN_EMPTY_BODY = YES;
				CLANG_WARN_ENUM_CONVERSION = YES;
				CLANG_WARN_INT_CONVERSION = YES;
				CLANG_WARN_OBJC_ROOT_CLASS = YES_ERROR;
				CLANG_WARN_UNREACHABLE_CODE = YES;
				CLANG_WARN__DUPLICATE_METHOD_MATCH = YES;
				"CODE_SIGN_IDENTITY[sdk=iphoneos*]" = "iPhone Developer";
				COPY_PHASE_STRIP = NO;
				ENABLE_NS_ASSERTIONS = NO;
				ENABLE_STRICT_OBJC_MSGSEND = YES;
				GCC_C_LANGUAGE_STANDARD = gnu99;
				GCC_WARN_64_TO_32_BIT_CONVERSION = YES;
				GCC_WARN_ABOUT_RETURN_TYPE = YES_ERROR;
				GCC_WARN_UNDECLARED_SELECTOR = YES;
				GCC_WARN_UNINITIALIZED_AUTOS = YES_AGGRESSIVE;
				GCC_WARN_UNUSED_FUNCTION = YES;
				GCC_WARN_UNUSED_VARIABLE = YES;
				IPHONEOS_DEPLOYMENT_TARGET = 7.0;
				MTL_ENABLE_DEBUG_INFO = NO;
				SDKROOT = iphoneos;
				TARGETED_DEVICE_FAMILY = "1,2";
				VALIDATE_PRODUCT = YES;
			};
			name = Release;
		};
		3F15BA5F1AC3E31A00EB0C74 /* Debug */ = {
			isa = XCBuildConfiguration;
			buildSettings = {
				ASSETCATALOG_COMPILER_APPICON_NAME = AppIcon;
				INFOPLIST_FILE = UtilityForIOS/Info.plist;
				LD_RUNPATH_SEARCH_PATHS = "$(inherited) @executable_path/Frameworks";
				PRODUCT_NAME = "$(TARGET_NAME)";
			};
			name = Debug;
		};
		3F15BA601AC3E31A00EB0C74 /* Release */ = {
			isa = XCBuildConfiguration;
			buildSettings = {
				ASSETCATALOG_COMPILER_APPICON_NAME = AppIcon;
				INFOPLIST_FILE = UtilityForIOS/Info.plist;
				LD_RUNPATH_SEARCH_PATHS = "$(inherited) @executable_path/Frameworks";
				PRODUCT_NAME = "$(TARGET_NAME)";
			};
			name = Release;
		};
		3F15BA621AC3E31A00EB0C74 /* Debug */ = {
			isa = XCBuildConfiguration;
			buildSettings = {
				BUNDLE_LOADER = "$(TEST_HOST)";
				FRAMEWORK_SEARCH_PATHS = (
					"$(SDKROOT)/Developer/Library/Frameworks",
					"$(inherited)",
				);
				GCC_PREPROCESSOR_DEFINITIONS = (
					"DEBUG=1",
					"$(inherited)",
				);
				INFOPLIST_FILE = UtilityForIOSTests/Info.plist;
				LD_RUNPATH_SEARCH_PATHS = "$(inherited) @executable_path/Frameworks @loader_path/Frameworks";
				PRODUCT_NAME = "$(TARGET_NAME)";
				TEST_HOST = "$(BUILT_PRODUCTS_DIR)/UtilityForIOS.app/UtilityForIOS";
			};
			name = Debug;
		};
		3F15BA631AC3E31A00EB0C74 /* Release */ = {
			isa = XCBuildConfiguration;
			buildSettings = {
				BUNDLE_LOADER = "$(TEST_HOST)";
				FRAMEWORK_SEARCH_PATHS = (
					"$(SDKROOT)/Developer/Library/Frameworks",
					"$(inherited)",
				);
				INFOPLIST_FILE = UtilityForIOSTests/Info.plist;
				LD_RUNPATH_SEARCH_PATHS = "$(inherited) @executable_path/Frameworks @loader_path/Frameworks";
				PRODUCT_NAME = "$(TARGET_NAME)";
				TEST_HOST = "$(BUILT_PRODUCTS_DIR)/UtilityForIOS.app/UtilityForIOS";
			};
			name = Release;
		};
/* End XCBuildConfiguration section */

/* Begin XCConfigurationList section */
		3F15BA331AC3E31A00EB0C74 /* Build configuration list for PBXProject "UtilityForIOS" */ = {
			isa = XCConfigurationList;
			buildConfigurations = (
				3F15BA5C1AC3E31A00EB0C74 /* Debug */,
				3F15BA5D1AC3E31A00EB0C74 /* Release */,
			);
			defaultConfigurationIsVisible = 0;
			defaultConfigurationName = Release;
		};
		3F15BA5E1AC3E31A00EB0C74 /* Build configuration list for PBXNativeTarget "UtilityForIOS" */ = {
			isa = XCConfigurationList;
			buildConfigurations = (
				3F15BA5F1AC3E31A00EB0C74 /* Debug */,
				3F15BA601AC3E31A00EB0C74 /* Release */,
			);
			defaultConfigurationIsVisible = 0;
			defaultConfigurationName = Release;
		};
		3F15BA611AC3E31A00EB0C74 /* Build configuration list for PBXNativeTarget "UtilityForIOSTests" */ = {
			isa = XCConfigurationList;
			buildConfigurations = (
				3F15BA621AC3E31A00EB0C74 /* Debug */,
				3F15BA631AC3E31A00EB0C74 /* Release */,
			);
			defaultConfigurationIsVisible = 0;
			defaultConfigurationName = Release;
		};
/* End XCConfigurationList section */

/* Begin XCVersionGroup section */
		3F15BA421AC3E31A00EB0C74 /* UtilityForIOS.xcdatamodeld */ = {
			isa = XCVersionGroup;
			children = (
				3F15BA431AC3E31A00EB0C74 /* UtilityForIOS.xcdatamodel */,
			);
			currentVersion = 3F15BA431AC3E31A00EB0C74 /* UtilityForIOS.xcdatamodel */;
			path = UtilityForIOS.xcdatamodeld;
			sourceTree = "<group>";
			versionGroupType = wrapper.xcdatamodel;
		};
/* End XCVersionGroup section */
	};
	rootObject = 3F15BA301AC3E31A00EB0C74 /* Project object */;
}
